
Microsoft Visual Studio Solution File, Format Version 10.00
# Visual Studio 2008
Project("{FAE04EC0-301F-11D3-BF4B-00C04F79EFBC}") = "WindowsFormsApplication1", "WindowsFormsApplication1\WindowsFormsApplication1.csproj", "{40F2B0D9-66E0-420E-90FA-FB1724BF51CB}"
EndProject
Global
	GlobalSection(SolutionConfigurationPlatforms) = preSolution
		Debug|Any CPU = Debug|Any CPU
		Release|Any CPU = Release|Any CPU
	EndGlobalSection
	GlobalSection(ProjectConfigurationPlatforms) = postSolution
		{40F2B0D9-66E0-420E-90FA-FB1724BF51CB}.Debug|Any CPU.ActiveCfg = Debug|Any CPU
		{40F2B0D9-66E0-420E-90FA-FB1724BF51CB}.Debug|Any CPU.Build.0 = Debug|Any CPU
		{40F2B0D9-66E0-420E-90FA-FB1724BF51CB}.Release|Any CPU.ActiveCfg = Release|Any CPU
		{40F2B0D9-66E0-420E-90FA-FB1724BF51CB}.Release|Any CPU.Build.0 = Release|Any CPU
	EndGlobalSection
	GlobalSection(SolutionProperties) = preSolution
		HideSolutionNode = FALSE
	EndGlobalSection
EndGlobal
